
Microsoft Visual Studio Solution File, Format Version 12.00
# Visual Studio Version 17
VisualStudioVersion = 17.0.31903.59
MinimumVisualStudioVersion = 10.0.40219.1
Project("{FAE04EC0-301F-11D3-BF4B-00C04F79EFBC}") = "JobPilotAI.Api", "JobPilotAI.Api\JobPilotAI.Api.csproj", "{E5C9E20A-8C78-41FF-9DBE-2ECA55A69067}"
EndProject
Project("{FAE04EC0-301F-11D3-BF4B-00C04F79EFBC}") = "JobPilotAI.Domain", "JobPilotAI.Domain\JobPilotAI.Domain.csproj", "{10AF5450-42CD-4A3F-A7A1-DDA529DD6D2C}"
EndProject
Project("{FAE04EC0-301F-11D3-BF4B-00C04F79EFBC}") = "JobPilotAI.Application", "JobPilotAI.Application\JobPilotAI.Application.csproj", "{4AEC2D35-EF93-41CC-8F09-57CD9ADDA1CE}"
EndProject
Project("{FAE04EC0-301F-11D3-BF4B-00C04F79EFBC}") = "JobPilotAI.Infrastructure", "JobPilotAI.Infrastructure\JobPilotAI.Infrastructure.csproj", "{108CEC64-BA36-4FD1-ACBB-FA7F564C6DD3}"
EndProject
Project("{FAE04EC0-301F-11D3-BF4B-00C04F79EFBC}") = "JobPilotAI.Tests", "JobPilotAI.Tests\JobPilotAI.Tests.csproj", "{6401E29E-993D-4632-9224-42D9AB8C3CCB}"
EndProject
Global
	GlobalSection(SolutionConfigurationPlatforms) = preSolution
		Debug|Any CPU = Debug|Any CPU
		Release|Any CPU = Release|Any CPU
	EndGlobalSection
	GlobalSection(SolutionProperties) = preSolution
		HideSolutionNode = FALSE
	EndGlobalSection
	GlobalSection(ProjectConfigurationPlatforms) = postSolution
		{E5C9E20A-8C78-41FF-9DBE-2ECA55A69067}.Debug|Any CPU.ActiveCfg = Debug|Any CPU
		{E5C9E20A-8C78-41FF-9DBE-2ECA55A69067}.Debug|Any CPU.Build.0 = Debug|Any CPU
		{E5C9E20A-8C78-41FF-9DBE-2ECA55A69067}.Release|Any CPU.ActiveCfg = Release|Any CPU
		{E5C9E20A-8C78-41FF-9DBE-2ECA55A69067}.Release|Any CPU.Build.0 = Release|Any CPU
		{10AF5450-42CD-4A3F-A7A1-DDA529DD6D2C}.Debug|Any CPU.ActiveCfg = Debug|Any CPU
		{10AF5450-42CD-4A3F-A7A1-DDA529DD6D2C}.Debug|Any CPU.Build.0 = Debug|Any CPU
		{10AF5450-42CD-4A3F-A7A1-DDA529DD6D2C}.Release|Any CPU.ActiveCfg = Release|Any CPU
		{10AF5450-42CD-4A3F-A7A1-DDA529DD6D2C}.Release|Any CPU.Build.0 = Release|Any CPU
		{4AEC2D35-EF93-41CC-8F09-57CD9ADDA1CE}.Debug|Any CPU.ActiveCfg = Debug|Any CPU
		{4AEC2D35-EF93-41CC-8F09-57CD9ADDA1CE}.Debug|Any CPU.Build.0 = Debug|Any CPU
		{4AEC2D35-EF93-41CC-8F09-57CD9ADDA1CE}.Release|Any CPU.ActiveCfg = Release|Any CPU
		{4AEC2D35-EF93-41CC-8F09-57CD9ADDA1CE}.Release|Any CPU.Build.0 = Release|Any CPU
		{108CEC64-BA36-4FD1-ACBB-FA7F564C6DD3}.Debug|Any CPU.ActiveCfg = Debug|Any CPU
		{108CEC64-BA36-4FD1-ACBB-FA7F564C6DD3}.Debug|Any CPU.Build.0 = Debug|Any CPU
		{108CEC64-BA36-4FD1-ACBB-FA7F564C6DD3}.Release|Any CPU.ActiveCfg = Release|Any CPU
		{108CEC64-BA36-4FD1-ACBB-FA7F564C6DD3}.Release|Any CPU.Build.0 = Release|Any CPU
		{6401E29E-993D-4632-9224-42D9AB8C3CCB}.Debug|Any CPU.ActiveCfg = Debug|Any CPU
		{6401E29E-993D-4632-9224-42D9AB8C3CCB}.Debug|Any CPU.Build.0 = Debug|Any CPU
		{6401E29E-993D-4632-9224-42D9AB8C3CCB}.Release|Any CPU.ActiveCfg = Release|Any CPU
		{6401E29E-993D-4632-9224-42D9AB8C3CCB}.Release|Any CPU.Build.0 = Release|Any CPU
	EndGlobalSection
EndGlobal
